<?xml version="1.0" encoding="utf-8"?>
<Project ToolsVersion="4.0" xmlns="http://schemas.microsoft.com/developer/msbuild/2003">
  <ItemGroup>
    <ClCompile Include="..\..\src\Test\Test.cpp">
      <Filter>Test</Filter>
    </ClCompile>
    <ClCompile Include="..\..\src\Test\TestParam.cpp">
      <Filter>Test</Filter>
    </ClCompile>
    <ClCompile Include="..\..\src\Test\TestPerformance.cpp">
      <Filter>Test</Filter>
    </ClCompile>
    <ClCompile Include="..\..\src\Test\TestYaml.cpp">
      <Filter>Test</Filter>
    </ClCompile>
    <ClCompile Include="..\..\src\Test\TestTable.cpp">
      <Filter>Test</Filter>
    </ClCompile>
  </ItemGroup>
  <ItemGroup>
    <Filter Include="Test">
      <UniqueIdentifier>{8f98705d-cc91-411b-87bd-1d6c25786ee9}</UniqueIdentifier>
    </Filter>
    <Filter Include="Cpl">
      <UniqueIdentifier>{78227c41-a041-454e-917c-abbe81b0aa8a}</UniqueIdentifier>
    </Filter>
  </ItemGroup>
  <ItemGroup>
    <ClInclude Include="..\..\src\Cpl\Args.h">
      <Filter>Cpl</Filter>
    </ClInclude>
    <ClInclude Include="..\..\src\Cpl\Config.h">
      <Filter>Cpl</Filter>
    </ClInclude>
    <ClInclude Include="..\..\src\Cpl\Console.h">
      <Filter>Cpl</Filter>
    </ClInclude>
    <ClInclude Include="..\..\src\Cpl\Defs.h">
      <Filter>Cpl</Filter>
    </ClInclude>
    <ClInclude Include="..\..\src\Cpl\File.h">
      <Filter>Cpl</Filter>
    </ClInclude>
    <ClInclude Include="..\..\src\Cpl\Log.h">
      <Filter>Cpl</Filter>
    </ClInclude>
    <ClInclude Include="..\..\src\Cpl\Param.h">
      <Filter>Cpl</Filter>
    </ClInclude>
    <ClInclude Include="..\..\src\Cpl\String.h">
      <Filter>Cpl</Filter>
    </ClInclude>
    <ClInclude Include="..\..\src\Cpl\Xml.h">
      <Filter>Cpl</Filter>
    </ClInclude>
    <ClInclude Include="..\..\src\Test\Test.h">
      <Filter>Test</Filter>
    </ClInclude>
    <ClInclude Include="..\..\src\Cpl\Performance.h">
      <Filter>Cpl</Filter>
    </ClInclude>
    <ClInclude Include="..\..\src\Cpl\Yaml.h">
      <Filter>Cpl</Filter>
    </ClInclude>
    <ClInclude Include="..\..\src\Cpl\Html.h">
      <Filter>Cpl</Filter>
    </ClInclude>
    <ClInclude Include="..\..\src\Cpl\Table.h">
      <Filter>Cpl</Filter>
    </ClInclude>
  </ItemGroup>
</Project>